<?xml version="1.0" encoding="utf-8"?>
<Project ToolsVersion="4.0" xmlns="http://schemas.microsoft.com/developer/msbuild/2003">
  <ItemGroup>
    <ClCompile Include="1, 2, 3, 더하기.cpp" />
    <ClCompile Include="30.cpp" />
    <ClCompile Include="ATM.cpp" />
    <ClCompile Include="DSLR.cpp" />
    <ClCompile Include="NMK.cpp" />
    <ClCompile Include="Nqueen.cpp" />
    <ClCompile Include="Z.cpp" />
    <ClCompile Include="날짜 계산.cpp" />
    <ClCompile Include="다음 순열.cpp" />
    <ClCompile Include="대회 or 인턴.cpp" />
    <ClCompile Include="동전 0.cpp" />
    <ClCompile Include="로또.cpp" />
    <ClCompile Include="롤러코스터.cpp" />
    <ClCompile Include="리모컨.cpp" />
    <ClCompile Include="모든 순열.cpp" />
    <ClCompile Include="물통.cpp" />
    <ClCompile Include="별 찍기 10.cpp" />
    <ClCompile Include="별 찍기 11.cpp" />
    <ClCompile Include="병든 나이트.cpp" />
    <ClCompile Include="소수경로.cpp" />
    <ClCompile Include="수 묶기.cpp" />
    <ClCompile Include="순열의 순서.cpp" />
    <ClCompile Include="숨바꼭질.cpp" />
    <ClCompile Include="숫자 카드 2.cpp" />
    <ClCompile Include="숫자 카드.cpp" />
    <ClCompile Include="암호 만들기.cpp" />
    <ClCompile Include="외판원 순회 2.cpp" />
    <ClCompile Include="잃어버린 괄호.cpp" />
    <ClCompile Include="종이의 개수.cpp" />
    <ClCompile Include="집합.cpp" />
    <ClCompile Include="이전순열.cpp" />
    <ClCompile Include="차이를 최대로.cpp" />
    <ClCompile Include="쿼드트리.cpp" />
    <ClCompile Include="트리의 순회.cpp" />
    <ClCompile Include="퍼즐.cpp" />
    <ClCompile Include="하노이 탑 이동 순서.cpp" />
    <ClCompile Include="행렬.cpp" />
    <ClCompile Include="회의실 배정.cpp" />
    <ClCompile Include="랜선 자르기.cpp" />
    <ClCompile Include="나무 자르기.cpp" />
    <ClCompile Include="공유기 설치.cpp" />
    <ClCompile Include="예산.cpp" />
  </ItemGroup>
</Project>